<?xml version="1.0" encoding="UTF-8" standalone="yes" ?>
<CodeBlocks_project_file>
	<FileVersion major="1" minor="6" />
	<Project>
		<Option title="AngelRisingTechnologyEngine" />
		<Option pch_mode="2" />
		<Option compiler="gcc" />
		<Build>
			<Target title="Release">
				<Option output="bin/Release/AngelRisingTechnologyEngine" prefix_auto="1" extension_auto="1" />
				<Option object_output="obj/Release/" />
				<Option type="1" />
				<Option compiler="gcc" />
				<Compiler>
					<Add option="-O2" />
				</Compiler>
				<Linker>
					<Add option="-s" />
				</Linker>
			</Target>
		</Build>
		<Compiler>
			<Add option="-Wall" />
			<Add directory="ThirdParty/AngelScript/include" />
			<Add directory="ThirdParty/GLAD/include/glad" />
			<Add directory="ThirdParty/GLAD/include/KHR" />
			<Add directory="ThirdParty/GLM/include/glm" />
			<Add directory="ThirdParty/GLFW/include" />
		</Compiler>
		<Linker>
			<Add library="ThirdParty/AngelScript/lib/libangelscript64.a" />
			<Add library="ThirdParty/GLFW/lib/libglfw3.a" />
			<Add library="ThirdParty/GLFW/lib/libglfw3dll.a" />
			<Add directory="ThirdParty/AngelScript/lib" />
			<Add directory="ThirdParty/GLFW/lib" />
		</Linker>
		<Unit filename="ThirdParty/AngelScript/include/scriptarray.h" />
		<Unit filename="ThirdParty/AngelScript/include/scriptbuilder.h" />
		<Unit filename="ThirdParty/AngelScript/include/scriptdictionary.h" />
		<Unit filename="ThirdParty/AngelScript/include/scriptmath.h" />
		<Unit filename="ThirdParty/AngelScript/include/scriptstdstring.h" />
		<Unit filename="ThirdParty/GLAD/include/KHR/khrplatform.h" />
		<Unit filename="ThirdParty/GLAD/include/glad/glad.h" />
		<Unit filename="ThirdParty/GLAD/src/glad.c">
			<Option compilerVar="CC" />
		</Unit>
		<Unit filename="ThirdParty/JsonNlohmann/json.hpp" />
		<Unit filename="engineshader.cpp" />
		<Unit filename="engineshader.h" />
		<Unit filename="enginestring.h" />
		<Unit filename="enginewindow.cpp" />
		<Unit filename="enginewindow.h" />
		<Unit filename="main.cpp" />
		<Extensions>
			<lib_finder disable_auto="1" />
		</Extensions>
	</Project>
</CodeBlocks_project_file>
